
Microsoft Visual Studio Solution File, Format Version 12.00
# Visual Studio 15
VisualStudioVersion = 15.0.27428.2043
MinimumVisualStudioVersion = 10.0.40219.1
Project("{9A19103F-16F7-4668-BE54-9A1E7A4F7556}") = "Dios", "Dios\Dios.csproj", "{B14FE72C-5EED-4F12-B84F-6F3C7A2DBFBD}"
EndProject
Project("{FAE04EC0-301F-11D3-BF4B-00C04F79EFBC}") = "DiosTest", "DiosTest\DiosTest.csproj", "{62A0E2B0-D34C-4862-A855-4DFD4960BE19}"
EndProject
Global
	GlobalSection(SolutionConfigurationPlatforms) = preSolution
		Debug|Any CPU = Debug|Any CPU
		Release|Any CPU = Release|Any CPU
	EndGlobalSection
	GlobalSection(ProjectConfigurationPlatforms) = postSolution
		{B14FE72C-5EED-4F12-B84F-6F3C7A2DBFBD}.Debug|Any CPU.ActiveCfg = Debug|Any CPU
		{B14FE72C-5EED-4F12-B84F-6F3C7A2DBFBD}.Debug|Any CPU.Build.0 = Debug|Any CPU
		{B14FE72C-5EED-4F12-B84F-6F3C7A2DBFBD}.Release|Any CPU.ActiveCfg = Release|Any CPU
		{B14FE72C-5EED-4F12-B84F-6F3C7A2DBFBD}.Release|Any CPU.Build.0 = Release|Any CPU
		{62A0E2B0-D34C-4862-A855-4DFD4960BE19}.Debug|Any CPU.ActiveCfg = Debug|Any CPU
		{62A0E2B0-D34C-4862-A855-4DFD4960BE19}.Debug|Any CPU.Build.0 = Debug|Any CPU
		{62A0E2B0-D34C-4862-A855-4DFD4960BE19}.Release|Any CPU.ActiveCfg = Release|Any CPU
		{62A0E2B0-D34C-4862-A855-4DFD4960BE19}.Release|Any CPU.Build.0 = Release|Any CPU
	EndGlobalSection
	GlobalSection(SolutionProperties) = preSolution
		HideSolutionNode = FALSE
	EndGlobalSection
	GlobalSection(ExtensibilityGlobals) = postSolution
		SolutionGuid = {A3A4FF1F-0C11-41F9-84D5-04697052BBAF}
	EndGlobalSection
EndGlobal
